
Microsoft Visual Studio Solution File, Format Version 12.00
# Visual Studio Version 17
VisualStudioVersion = 17.6.33801.468
MinimumVisualStudioVersion = 10.0.40219.1
Project("{9A19103F-16F7-4668-BE54-9A1E7A4F7556}") = "LojaNet.BLL", "LojaNet.BLL\LojaNet.BLL.csproj", "{8C7FFB4B-EC68-4721-B877-F342FECCB34F}"
EndProject
Project("{9A19103F-16F7-4668-BE54-9A1E7A4F7556}") = "LojaNet.DAL", "LojaNet.DAL\LojaNet.DAL.csproj", "{0FD804C5-6229-4860-A62E-A12F23FD0114}"
EndProject
Project("{9A19103F-16F7-4668-BE54-9A1E7A4F7556}") = "LojaNet.Models", "LojaNet.Models\LojaNet.Models.csproj", "{737C7775-59F4-4EE3-A69E-2B1A00D574A0}"
EndProject
Project("{9A19103F-16F7-4668-BE54-9A1E7A4F7556}") = "LojaNet.UI.WEB.Testes", "LojaNet.UI.WEB.Testes\LojaNet.UI.WEB.Testes.csproj", "{D46E5889-61F2-4C08-9FA5-A59D2F1C0CA5}"
EndProject
Project("{2150E333-8FDC-42A3-9474-1A3956D46DE8}") = "Itens de Solução", "Itens de Solução", "{9C0440B8-3748-4485-8F21-55C8E75A9D11}"
	ProjectSection(SolutionItems) = preProject
		Banco.txt = Banco.txt
	EndProjectSection
EndProject
Project("{FAE04EC0-301F-11D3-BF4B-00C04F79EFBC}") = "APIConsulta", "APIConsulta\APIConsulta.csproj", "{23AF8348-1D7A-44BA-AF3B-FE6B7DE94896}"
	ProjectSection(ProjectDependencies) = postProject
		{737C7775-59F4-4EE3-A69E-2B1A00D574A0} = {737C7775-59F4-4EE3-A69E-2B1A00D574A0}
	EndProjectSection
EndProject
Global
	GlobalSection(SolutionConfigurationPlatforms) = preSolution
		Debug|Any CPU = Debug|Any CPU
		Release|Any CPU = Release|Any CPU
	EndGlobalSection
	GlobalSection(ProjectConfigurationPlatforms) = postSolution
		{8C7FFB4B-EC68-4721-B877-F342FECCB34F}.Debug|Any CPU.ActiveCfg = Debug|Any CPU
		{8C7FFB4B-EC68-4721-B877-F342FECCB34F}.Debug|Any CPU.Build.0 = Debug|Any CPU
		{8C7FFB4B-EC68-4721-B877-F342FECCB34F}.Release|Any CPU.ActiveCfg = Release|Any CPU
		{8C7FFB4B-EC68-4721-B877-F342FECCB34F}.Release|Any CPU.Build.0 = Release|Any CPU
		{0FD804C5-6229-4860-A62E-A12F23FD0114}.Debug|Any CPU.ActiveCfg = Debug|Any CPU
		{0FD804C5-6229-4860-A62E-A12F23FD0114}.Debug|Any CPU.Build.0 = Debug|Any CPU
		{0FD804C5-6229-4860-A62E-A12F23FD0114}.Release|Any CPU.ActiveCfg = Release|Any CPU
		{0FD804C5-6229-4860-A62E-A12F23FD0114}.Release|Any CPU.Build.0 = Release|Any CPU
		{737C7775-59F4-4EE3-A69E-2B1A00D574A0}.Debug|Any CPU.ActiveCfg = Debug|Any CPU
		{737C7775-59F4-4EE3-A69E-2B1A00D574A0}.Debug|Any CPU.Build.0 = Debug|Any CPU
		{737C7775-59F4-4EE3-A69E-2B1A00D574A0}.Release|Any CPU.ActiveCfg = Release|Any CPU
		{737C7775-59F4-4EE3-A69E-2B1A00D574A0}.Release|Any CPU.Build.0 = Release|Any CPU
		{D46E5889-61F2-4C08-9FA5-A59D2F1C0CA5}.Debug|Any CPU.ActiveCfg = Debug|Any CPU
		{D46E5889-61F2-4C08-9FA5-A59D2F1C0CA5}.Debug|Any CPU.Build.0 = Debug|Any CPU
		{D46E5889-61F2-4C08-9FA5-A59D2F1C0CA5}.Release|Any CPU.ActiveCfg = Release|Any CPU
		{D46E5889-61F2-4C08-9FA5-A59D2F1C0CA5}.Release|Any CPU.Build.0 = Release|Any CPU
		{23AF8348-1D7A-44BA-AF3B-FE6B7DE94896}.Debug|Any CPU.ActiveCfg = Debug|Any CPU
		{23AF8348-1D7A-44BA-AF3B-FE6B7DE94896}.Debug|Any CPU.Build.0 = Debug|Any CPU
		{23AF8348-1D7A-44BA-AF3B-FE6B7DE94896}.Release|Any CPU.ActiveCfg = Release|Any CPU
		{23AF8348-1D7A-44BA-AF3B-FE6B7DE94896}.Release|Any CPU.Build.0 = Release|Any CPU
	EndGlobalSection
	GlobalSection(SolutionProperties) = preSolution
		HideSolutionNode = FALSE
	EndGlobalSection
	GlobalSection(ExtensibilityGlobals) = postSolution
		SolutionGuid = {577DBCDD-E78C-4D01-8036-83120C140BFD}
	EndGlobalSection
EndGlobal
